
Microsoft Visual Studio Solution File, Format Version 12.00
# Visual Studio Version 16
VisualStudioVersion = 16.0.30128.74
MinimumVisualStudioVersion = 10.0.40219.1
Project("{FAE04EC0-301F-11D3-BF4B-00C04F79EFBC}") = "odeToFood.Web", "odeToFood.Web\odeToFood.Web.csproj", "{98278F31-36D4-4253-AB4B-ACAED68C2A45}"
EndProject
Project("{FAE04EC0-301F-11D3-BF4B-00C04F79EFBC}") = "odeToFood.Data", "odeToFood.Data\odeToFood.Data.csproj", "{B2B5D77B-B90A-44C5-804E-17E7FE7B9FA8}"
EndProject
Global
	GlobalSection(SolutionConfigurationPlatforms) = preSolution
		Debug|Any CPU = Debug|Any CPU
		Release|Any CPU = Release|Any CPU
	EndGlobalSection
	GlobalSection(ProjectConfigurationPlatforms) = postSolution
		{98278F31-36D4-4253-AB4B-ACAED68C2A45}.Debug|Any CPU.ActiveCfg = Debug|Any CPU
		{98278F31-36D4-4253-AB4B-ACAED68C2A45}.Debug|Any CPU.Build.0 = Debug|Any CPU
		{98278F31-36D4-4253-AB4B-ACAED68C2A45}.Release|Any CPU.ActiveCfg = Release|Any CPU
		{98278F31-36D4-4253-AB4B-ACAED68C2A45}.Release|Any CPU.Build.0 = Release|Any CPU
		{B2B5D77B-B90A-44C5-804E-17E7FE7B9FA8}.Debug|Any CPU.ActiveCfg = Debug|Any CPU
		{B2B5D77B-B90A-44C5-804E-17E7FE7B9FA8}.Debug|Any CPU.Build.0 = Debug|Any CPU
		{B2B5D77B-B90A-44C5-804E-17E7FE7B9FA8}.Release|Any CPU.ActiveCfg = Release|Any CPU
		{B2B5D77B-B90A-44C5-804E-17E7FE7B9FA8}.Release|Any CPU.Build.0 = Release|Any CPU
	EndGlobalSection
	GlobalSection(SolutionProperties) = preSolution
		HideSolutionNode = FALSE
	EndGlobalSection
	GlobalSection(ExtensibilityGlobals) = postSolution
		SolutionGuid = {C256E050-E101-4F7A-B109-94094DC619EF}
	EndGlobalSection
EndGlobal
